
Microsoft Visual Studio Solution File, Format Version 12.00
# Visual Studio Version 17
VisualStudioVersion = 17.10.34902.84
MinimumVisualStudioVersion = 10.0.40219.1
Project("{FAE04EC0-301F-11D3-BF4B-00C04F79EFBC}") = "HalloEfCore", "HalloEfCore\HalloEfCore.csproj", "{2191A386-9AB9-4B99-BBC4-A57C83CA41C4}"
EndProject
Global
	GlobalSection(SolutionConfigurationPlatforms) = preSolution
		Debug|Any CPU = Debug|Any CPU
		Release|Any CPU = Release|Any CPU
	EndGlobalSection
	GlobalSection(ProjectConfigurationPlatforms) = postSolution
		{2191A386-9AB9-4B99-BBC4-A57C83CA41C4}.Debug|Any CPU.ActiveCfg = Debug|Any CPU
		{2191A386-9AB9-4B99-BBC4-A57C83CA41C4}.Debug|Any CPU.Build.0 = Debug|Any CPU
		{2191A386-9AB9-4B99-BBC4-A57C83CA41C4}.Release|Any CPU.ActiveCfg = Release|Any CPU
		{2191A386-9AB9-4B99-BBC4-A57C83CA41C4}.Release|Any CPU.Build.0 = Release|Any CPU
	EndGlobalSection
	GlobalSection(SolutionProperties) = preSolution
		HideSolutionNode = FALSE
	EndGlobalSection
	GlobalSection(ExtensibilityGlobals) = postSolution
		SolutionGuid = {26335970-3770-47DE-B48F-9A2EDC7F99C4}
	EndGlobalSection
EndGlobal
