
Microsoft Visual Studio Solution File, Format Version 12.00
# Visual Studio Version 17
VisualStudioVersion = 17.10.34902.84
MinimumVisualStudioVersion = 10.0.40219.1
Project("{FAE04EC0-301F-11D3-BF4B-00C04F79EFBC}") = "WindowsFormsForMigration", "WindowsFormsForMigration\WindowsFormsForMigration.csproj", "{ED32B915-369B-4C05-805F-BFBFFA3208C0}"
EndProject
Global
	GlobalSection(SolutionConfigurationPlatforms) = preSolution
		Debug|Any CPU = Debug|Any CPU
		Release|Any CPU = Release|Any CPU
	EndGlobalSection
	GlobalSection(ProjectConfigurationPlatforms) = postSolution
		{ED32B915-369B-4C05-805F-BFBFFA3208C0}.Debug|Any CPU.ActiveCfg = Debug|Any CPU
		{ED32B915-369B-4C05-805F-BFBFFA3208C0}.Debug|Any CPU.Build.0 = Debug|Any CPU
		{ED32B915-369B-4C05-805F-BFBFFA3208C0}.Release|Any CPU.ActiveCfg = Release|Any CPU
		{ED32B915-369B-4C05-805F-BFBFFA3208C0}.Release|Any CPU.Build.0 = Release|Any CPU
	EndGlobalSection
	GlobalSection(SolutionProperties) = preSolution
		HideSolutionNode = FALSE
	EndGlobalSection
	GlobalSection(ExtensibilityGlobals) = postSolution
		SolutionGuid = {FDBE383E-47BF-4661-96BA-238FE9C3175B}
	EndGlobalSection
EndGlobal
